
Microsoft Visual Studio Solution File, Format Version 12.00
# Visual Studio Version 16
VisualStudioVersion = 16.0.28803.156
MinimumVisualStudioVersion = 10.0.40219.1
Project("{FAE04EC0-301F-11D3-BF4B-00C04F79EFBC}") = "Ex_0001_Singleton", "Ex_0001_Singleton\Ex_0001_Singleton.csproj", "{DEE15ACB-08F5-49AF-B7E7-6580EC9E3E64}"
EndProject
Project("{FAE04EC0-301F-11D3-BF4B-00C04F79EFBC}") = "Classes", "Classes\Classes.csproj", "{DEDF5855-D152-43C1-8BE9-61F1769CD79D}"
EndProject
Global
	GlobalSection(SolutionConfigurationPlatforms) = preSolution
		Debug|Any CPU = Debug|Any CPU
		Release|Any CPU = Release|Any CPU
	EndGlobalSection
	GlobalSection(ProjectConfigurationPlatforms) = postSolution
		{DEE15ACB-08F5-49AF-B7E7-6580EC9E3E64}.Debug|Any CPU.ActiveCfg = Debug|Any CPU
		{DEE15ACB-08F5-49AF-B7E7-6580EC9E3E64}.Debug|Any CPU.Build.0 = Debug|Any CPU
		{DEE15ACB-08F5-49AF-B7E7-6580EC9E3E64}.Release|Any CPU.ActiveCfg = Release|Any CPU
		{DEE15ACB-08F5-49AF-B7E7-6580EC9E3E64}.Release|Any CPU.Build.0 = Release|Any CPU
		{DEDF5855-D152-43C1-8BE9-61F1769CD79D}.Debug|Any CPU.ActiveCfg = Debug|Any CPU
		{DEDF5855-D152-43C1-8BE9-61F1769CD79D}.Debug|Any CPU.Build.0 = Debug|Any CPU
		{DEDF5855-D152-43C1-8BE9-61F1769CD79D}.Release|Any CPU.ActiveCfg = Release|Any CPU
		{DEDF5855-D152-43C1-8BE9-61F1769CD79D}.Release|Any CPU.Build.0 = Release|Any CPU
	EndGlobalSection
	GlobalSection(SolutionProperties) = preSolution
		HideSolutionNode = FALSE
	EndGlobalSection
	GlobalSection(ExtensibilityGlobals) = postSolution
		SolutionGuid = {C3A9B60A-C1A2-43CA-A624-0D792B6ED393}
	EndGlobalSection
EndGlobal
