
Microsoft Visual Studio Solution File, Format Version 12.00
# Visual Studio Version 16
VisualStudioVersion = 16.0.28803.202
MinimumVisualStudioVersion = 10.0.40219.1
Project("{FAE04EC0-301F-11D3-BF4B-00C04F79EFBC}") = "Ex_0001_Command_Ptn", "Ex_0001_Command_Ptn\Ex_0001_Command_Ptn.csproj", "{9CBCF197-BE92-4BDD-9DC3-B52D93FA04EE}"
EndProject
Project("{FAE04EC0-301F-11D3-BF4B-00C04F79EFBC}") = "Command_ptn_classes", "Command_ptn_classes\Command_ptn_classes.csproj", "{0F079C79-3013-40A6-B0E4-1BA5E12452BE}"
EndProject
Global
	GlobalSection(SolutionConfigurationPlatforms) = preSolution
		Debug|Any CPU = Debug|Any CPU
		Release|Any CPU = Release|Any CPU
	EndGlobalSection
	GlobalSection(ProjectConfigurationPlatforms) = postSolution
		{9CBCF197-BE92-4BDD-9DC3-B52D93FA04EE}.Debug|Any CPU.ActiveCfg = Debug|Any CPU
		{9CBCF197-BE92-4BDD-9DC3-B52D93FA04EE}.Debug|Any CPU.Build.0 = Debug|Any CPU
		{9CBCF197-BE92-4BDD-9DC3-B52D93FA04EE}.Release|Any CPU.ActiveCfg = Release|Any CPU
		{9CBCF197-BE92-4BDD-9DC3-B52D93FA04EE}.Release|Any CPU.Build.0 = Release|Any CPU
		{0F079C79-3013-40A6-B0E4-1BA5E12452BE}.Debug|Any CPU.ActiveCfg = Debug|Any CPU
		{0F079C79-3013-40A6-B0E4-1BA5E12452BE}.Debug|Any CPU.Build.0 = Debug|Any CPU
		{0F079C79-3013-40A6-B0E4-1BA5E12452BE}.Release|Any CPU.ActiveCfg = Release|Any CPU
		{0F079C79-3013-40A6-B0E4-1BA5E12452BE}.Release|Any CPU.Build.0 = Release|Any CPU
	EndGlobalSection
	GlobalSection(SolutionProperties) = preSolution
		HideSolutionNode = FALSE
	EndGlobalSection
	GlobalSection(ExtensibilityGlobals) = postSolution
		SolutionGuid = {4E52EAF9-5409-4A29-A5F3-66EB24CBA959}
	EndGlobalSection
EndGlobal
