
Microsoft Visual Studio Solution File, Format Version 12.00
# Visual Studio Version 16
VisualStudioVersion = 16.0.28705.295
MinimumVisualStudioVersion = 10.0.40219.1
Project("{FAE04EC0-301F-11D3-BF4B-00C04F79EFBC}") = "DuckExample", "DuckExample.csproj", "{2B3754EA-17D3-47A7-9FDA-DCE59246F621}"
EndProject
Project("{9A19103F-16F7-4668-BE54-9A1E7A4F7556}") = "InheritanceDuckBehavior", "..\InheritanceDuckBehavior\InheritanceDuckBehavior.csproj", "{EFF079E2-9183-435F-992C-4AC444C8D475}"
EndProject
Project("{9A19103F-16F7-4668-BE54-9A1E7A4F7556}") = "RefactoredDuckBehavior", "..\RefactoredDuckBehavior\RefactoredDuckBehavior.csproj", "{061D5993-049C-49C8-A83A-074BA3817851}"
EndProject
Project("{FAE04EC0-301F-11D3-BF4B-00C04F79EFBC}") = "CharacterWithWeaponBehavior", "..\CharacterWithWeaponBehavior\CharacterWithWeaponBehavior.csproj", "{8EE24C8D-3BBE-46D3-8117-98A0FA4EB857}"
EndProject
Global
	GlobalSection(SolutionConfigurationPlatforms) = preSolution
		Debug|Any CPU = Debug|Any CPU
		Release|Any CPU = Release|Any CPU
	EndGlobalSection
	GlobalSection(ProjectConfigurationPlatforms) = postSolution
		{2B3754EA-17D3-47A7-9FDA-DCE59246F621}.Debug|Any CPU.ActiveCfg = Debug|Any CPU
		{2B3754EA-17D3-47A7-9FDA-DCE59246F621}.Debug|Any CPU.Build.0 = Debug|Any CPU
		{2B3754EA-17D3-47A7-9FDA-DCE59246F621}.Release|Any CPU.ActiveCfg = Release|Any CPU
		{2B3754EA-17D3-47A7-9FDA-DCE59246F621}.Release|Any CPU.Build.0 = Release|Any CPU
		{EFF079E2-9183-435F-992C-4AC444C8D475}.Debug|Any CPU.ActiveCfg = Debug|Any CPU
		{EFF079E2-9183-435F-992C-4AC444C8D475}.Debug|Any CPU.Build.0 = Debug|Any CPU
		{EFF079E2-9183-435F-992C-4AC444C8D475}.Release|Any CPU.ActiveCfg = Release|Any CPU
		{EFF079E2-9183-435F-992C-4AC444C8D475}.Release|Any CPU.Build.0 = Release|Any CPU
		{061D5993-049C-49C8-A83A-074BA3817851}.Debug|Any CPU.ActiveCfg = Debug|Any CPU
		{061D5993-049C-49C8-A83A-074BA3817851}.Debug|Any CPU.Build.0 = Debug|Any CPU
		{061D5993-049C-49C8-A83A-074BA3817851}.Release|Any CPU.ActiveCfg = Release|Any CPU
		{061D5993-049C-49C8-A83A-074BA3817851}.Release|Any CPU.Build.0 = Release|Any CPU
		{8EE24C8D-3BBE-46D3-8117-98A0FA4EB857}.Debug|Any CPU.ActiveCfg = Debug|Any CPU
		{8EE24C8D-3BBE-46D3-8117-98A0FA4EB857}.Debug|Any CPU.Build.0 = Debug|Any CPU
		{8EE24C8D-3BBE-46D3-8117-98A0FA4EB857}.Release|Any CPU.ActiveCfg = Release|Any CPU
		{8EE24C8D-3BBE-46D3-8117-98A0FA4EB857}.Release|Any CPU.Build.0 = Release|Any CPU
	EndGlobalSection
	GlobalSection(SolutionProperties) = preSolution
		HideSolutionNode = FALSE
	EndGlobalSection
	GlobalSection(ExtensibilityGlobals) = postSolution
		SolutionGuid = {3316F714-FC21-48B9-9D4D-BA05DF317ABA}
	EndGlobalSection
EndGlobal
